// !$*UTF8*$!
{
	archiveVersion = 1;
	classes = {
	};
	objectVersion = 56;
	objects = {

/* Begin PBXBuildFile section */
		AA000000000000000000001 /* BaseApp.swift in Sources */ = {isa = PBXBuildFile; fileRef = AA100000000000000000001; };
		AA000000000000000000002 /* ContentView.swift in Sources */ = {isa = PBXBuildFile; fileRef = AA100000000000000000002; };
		AA000000000000000000003 /* CalculationEngine.swift in Sources */ = {isa = PBXBuildFile; fileRef = AA100000000000000000003; };
		AA000000000000000000004 /* Expression.swift in Sources */ = {isa = PBXBuildFile; fileRef = AA100000000000000000004; };
		AA000000000000000000005 /* UnitConversion.swift in Sources */ = {isa = PBXBuildFile; fileRef = AA100000000000000000005; };
		AA000000000000000000006 /* CalculatorVM.swift in Sources */ = {isa = PBXBuildFile; fileRef = AA100000000000000000006; };
		AA000000000000000000007 /* UnitConverterVM.swift in Sources */ = {isa = PBXBuildFile; fileRef = AA100000000000000000007; };
		AA000000000000000000008 /* CalculatorView.swift in Sources */ = {isa = PBXBuildFile; fileRef = AA100000000000000000008; };
		AA000000000000000000009 /* HistoryView.swift in Sources */ = {isa = PBXBuildFile; fileRef = AA100000000000000000009; };
		AA00000000000000000000A /* UnitConverterView.swift in Sources */ = {isa = PBXBuildFile; fileRef = AA10000000000000000000A; };
		AA00000000000000000000B /* Assets.xcassets in Resources */ = {isa = PBXBuildFile; fileRef = AA10000000000000000000B; };
		AA00000000000000000000C /* Theme.swift in Sources */ = {isa = PBXBuildFile; fileRef = AA10000000000000000000E; };
		AA00000000000000000000D /* Haptics.swift in Sources */ = {isa = PBXBuildFile; fileRef = AA10000000000000000000F; };
		AA00000000000000000000E /* TipCalculatorView.swift in Sources */ = {isa = PBXBuildFile; fileRef = AA100000000000000000010; };
		AA0000000000000000000F /* StoreTip.swift in Sources */ = {isa = PBXBuildFile; fileRef = AA100000000000000000011; };
		AA00000000000000000010 /* TipJarView.swift in Sources */ = {isa = PBXBuildFile; fileRef = AA100000000000000000012; };
/* End PBXBuildFile section */

/* Begin PBXFileReference section */
		AA100000000000000000001 /* BaseApp.swift */ = {isa = PBXFileReference; lastKnownFileType = sourcecode.swift; path = BaseApp.swift; sourceTree = "<group>"; };
		AA100000000000000000002 /* ContentView.swift */ = {isa = PBXFileReference; lastKnownFileType = sourcecode.swift; path = ContentView.swift; sourceTree = "<group>"; };
		AA100000000000000000003 /* CalculationEngine.swift */ = {isa = PBXFileReference; lastKnownFileType = sourcecode.swift; path = CalculationEngine.swift; sourceTree = "<group>"; };
		AA100000000000000000004 /* Expression.swift */ = {isa = PBXFileReference; lastKnownFileType = sourcecode.swift; path = Expression.swift; sourceTree = "<group>"; };
		AA100000000000000000005 /* UnitConversion.swift */ = {isa = PBXFileReference; lastKnownFileType = sourcecode.swift; path = UnitConversion.swift; sourceTree = "<group>"; };
		AA100000000000000000006 /* CalculatorVM.swift */ = {isa = PBXFileReference; lastKnownFileType = sourcecode.swift; path = CalculatorVM.swift; sourceTree = "<group>"; };
		AA100000000000000000007 /* UnitConverterVM.swift */ = {isa = PBXFileReference; lastKnownFileType = sourcecode.swift; path = UnitConverterVM.swift; sourceTree = "<group>"; };
		AA100000000000000000008 /* CalculatorView.swift */ = {isa = PBXFileReference; lastKnownFileType = sourcecode.swift; path = CalculatorView.swift; sourceTree = "<group>"; };
		AA100000000000000000009 /* HistoryView.swift */ = {isa = PBXFileReference; lastKnownFileType = sourcecode.swift; path = HistoryView.swift; sourceTree = "<group>"; };
		AA10000000000000000000A /* UnitConverterView.swift */ = {isa = PBXFileReference; lastKnownFileType = sourcecode.swift; path = UnitConverterView.swift; sourceTree = "<group>"; };
		AA10000000000000000000B /* Assets.xcassets */ = {isa = PBXFileReference; lastKnownFileType = folder.assetcatalog; path = Assets.xcassets; sourceTree = "<group>"; };
		AA10000000000000000000C /* Info.plist */ = {isa = PBXFileReference; lastKnownFileType = text.plist.xml; path = Info.plist; sourceTree = "<group>"; };
		AA10000000000000000000D /* Base.app */ = {isa = PBXFileReference; explicitFileType = wrapper.application; includeInIndex = 0; path = Base.app; sourceTree = BUILT_PRODUCTS_DIR; };
		AA10000000000000000000E /* Theme.swift */ = {isa = PBXFileReference; lastKnownFileType = sourcecode.swift; path = Theme.swift; sourceTree = "<group>"; };
		AA10000000000000000000F /* Haptics.swift */ = {isa = PBXFileReference; lastKnownFileType = sourcecode.swift; path = Haptics.swift; sourceTree = "<group>"; };
		AA100000000000000000010 /* TipCalculatorView.swift */ = {isa = PBXFileReference; lastKnownFileType = sourcecode.swift; path = TipCalculatorView.swift; sourceTree = "<group>"; };
		AA100000000000000000011 /* StoreTip.swift */ = {isa = PBXFileReference; lastKnownFileType = sourcecode.swift; path = StoreTip.swift; sourceTree = "<group>"; };
		AA100000000000000000012 /* TipJarView.swift */ = {isa = PBXFileReference; lastKnownFileType = sourcecode.swift; path = TipJarView.swift; sourceTree = "<group>"; };
/* End PBXFileReference section */

/* Begin PBXFrameworksBuildPhase section */
		AA300000000000000000001 = {
			isa = PBXFrameworksBuildPhase;
			buildActionMask = 2147483647;
			files = (
			);
			runOnlyForDeploymentPostprocessing = 0;
		};
/* End PBXFrameworksBuildPhase section */

/* Begin PBXGroup section */
		AA20000000000000000001 /* Models */ = {
			isa = PBXGroup;
			children = (
				AA100000000000000000003 /* CalculationEngine.swift */,
				AA100000000000000000004 /* Expression.swift */,
				AA100000000000000000005 /* UnitConversion.swift */,
				AA10000000000000000000E /* Theme.swift */,
				AA10000000000000000000F /* Haptics.swift */,
				AA100000000000000000011 /* StoreTip.swift */,
			);
			path = Models;
			sourceTree = "<group>";
		};
		AA20000000000000000002 /* ViewModels */ = {
			isa = PBXGroup;
			children = (
				AA100000000000000000006 /* CalculatorVM.swift */,
				AA100000000000000000007 /* UnitConverterVM.swift */,
			);
			path = ViewModels;
			sourceTree = "<group>";
		};
		AA20000000000000000003 /* Views */ = {
			isa = PBXGroup;
			children = (
				AA100000000000000000008 /* CalculatorView.swift */,
				AA100000000000000000009 /* HistoryView.swift */,
				AA10000000000000000000A /* UnitConverterView.swift */,
				AA100000000000000000010 /* TipCalculatorView.swift */,
				AA100000000000000000012 /* TipJarView.swift */,
			);
			path = Views;
			sourceTree = "<group>";
		};
		AA20000000000000000004 /* Base */ = {
			isa = PBXGroup;
			children = (
				AA100000000000000000001 /* BaseApp.swift */,
				AA100000000000000000002 /* ContentView.swift */,
				AA10000000000000000000B /* Assets.xcassets */,
				AA10000000000000000000C /* Info.plist */,
				AA20000000000000000001 /* Models */,
				AA20000000000000000002 /* ViewModels */,
				AA20000000000000000003 /* Views */,
			);
			path = Base;
			sourceTree = "<group>";
		};
		AA20000000000000000005 /* Products */ = {
			isa = PBXGroup;
			children = (
				AA10000000000000000000D /* Base.app */,
			);
			name = Products;
			sourceTree = "<group>";
		};
		AA20000000000000000006 = {
			isa = PBXGroup;
			children = (
				AA20000000000000000004 /* Base */,
				AA20000000000000000005 /* Products */,
			);
			sourceTree = "<group>";
		};
/* End PBXGroup section */

/* Begin PBXNativeTarget section */
		AA40000000000000000001 = {
			isa = PBXNativeTarget;
			buildConfigurationList = AA50000000000000000001;
			buildPhases = (
				AA60000000000000000001,
				AA300000000000000000001,
				AA60000000000000000002,
			);
			buildRules = (
			);
			dependencies = (
			);
			name = Base;
			productName = Base;
			productReference = AA10000000000000000000D;
			productType = "com.apple.product-type.application";
		};
/* End PBXNativeTarget section */

/* Begin PBXProject section */
		AA70000000000000000001 = {
			isa = PBXProject;
			attributes = {
				BuildIndependentTargetsInParallel = 1;
				LastSwiftUpdateCheck = 1600;
				LastUpgradeCheck = 1600;
			};
			buildConfigurationList = AA50000000000000000002;
			compatibilityVersion = "Xcode 14.0";
			developmentRegion = en;
			hasScannedForEncodings = 0;
			knownRegions = (
				en,
				Base,
			);
			mainGroup = AA20000000000000000006;
			productRefGroup = AA20000000000000000005;
			projectDirPath = "";
			projectRoot = "";
			targets = (
				AA40000000000000000001,
			);
		};
/* End PBXProject section */

/* Begin PBXResourcesBuildPhase section */
		AA60000000000000000002 = {
			isa = PBXResourcesBuildPhase;
			buildActionMask = 2147483647;
			files = (
				AA00000000000000000000B /* Assets.xcassets in Resources */,
			);
			runOnlyForDeploymentPostprocessing = 0;
		};
/* End PBXResourcesBuildPhase section */

/* Begin PBXSourcesBuildPhase section */
		AA60000000000000000001 = {
			isa = PBXSourcesBuildPhase;
			buildActionMask = 2147483647;
			files = (
				AA000000000000000000001 /* BaseApp.swift in Sources */,
				AA000000000000000000002 /* ContentView.swift in Sources */,
				AA000000000000000000003 /* CalculationEngine.swift in Sources */,
				AA000000000000000000004 /* Expression.swift in Sources */,
				AA000000000000000000005 /* UnitConversion.swift in Sources */,
				AA000000000000000000006 /* CalculatorVM.swift in Sources */,
				AA000000000000000000007 /* UnitConverterVM.swift in Sources */,
				AA000000000000000000008 /* CalculatorView.swift in Sources */,
				AA000000000000000000009 /* HistoryView.swift in Sources */,
				AA00000000000000000000A /* UnitConverterView.swift in Sources */,
				AA00000000000000000000C /* Theme.swift in Sources */,
				AA00000000000000000000D /* Haptics.swift in Sources */,
				AA00000000000000000000E /* TipCalculatorView.swift in Sources */,
				AA0000000000000000000F /* StoreTip.swift in Sources */,
				AA00000000000000000010 /* TipJarView.swift in Sources */,
			);
			runOnlyForDeploymentPostprocessing = 0;
		};
/* End PBXSourcesBuildPhase section */

/* Begin XCBuildConfiguration section */
		AA80000000000000000001 /* Debug */ = {
			isa = XCBuildConfiguration;
			buildSettings = {
				ASSETCATALOG_COMPILER_APPICON_NAME = AppIcon;
				ASSETCATALOG_COMPILER_GLOBAL_ACCENT_COLOR_NAME = AccentColor;
				CODE_SIGN_STYLE = Automatic;
				CURRENT_PROJECT_VERSION = 1;
				ENABLE_PREVIEWS = YES;
				GENERATE_INFOPLIST_FILE = YES;
				INFOPLIST_FILE = Base/Info.plist;
				INFOPLIST_KEY_UIApplicationSceneManifest_Generation = YES;
				INFOPLIST_KEY_UIApplicationSupportsIndirectInputEvents = YES;
				INFOPLIST_KEY_UILaunchScreen_Generation = YES;
				INFOPLIST_KEY_UISupportedInterfaceOrientations = UIInterfaceOrientationPortrait;
				IPHONEOS_DEPLOYMENT_TARGET = 17.0;
				LD_RUNPATH_SEARCH_PATHS = (
					"$(inherited)",
					"@executable_path/Frameworks",
				);
				MARKETING_VERSION = 1.0;
				PRODUCT_BUNDLE_IDENTIFIER = com.base.app;
				PRODUCT_NAME = "$(TARGET_NAME)";
				SWIFT_VERSION = 5.0;
				TARGETED_DEVICE_FAMILY = 1;
			};
			name = Debug;
		};
		AA80000000000000000002 /* Release */ = {
			isa = XCBuildConfiguration;
			buildSettings = {
				ASSETCATALOG_COMPILER_APPICON_NAME = AppIcon;
				ASSETCATALOG_COMPILER_GLOBAL_ACCENT_COLOR_NAME = AccentColor;
				CODE_SIGN_STYLE = Automatic;
				CURRENT_PROJECT_VERSION = 1;
				ENABLE_PREVIEWS = YES;
				GENERATE_INFOPLIST_FILE = YES;
				INFOPLIST_FILE = Base/Info.plist;
				INFOPLIST_KEY_UIApplicationSceneManifest_Generation = YES;
				INFOPLIST_KEY_UIApplicationSupportsIndirectInputEvents = YES;
				INFOPLIST_KEY_UILaunchScreen_Generation = YES;
				INFOPLIST_KEY_UISupportedInterfaceOrientations = UIInterfaceOrientationPortrait;
				IPHONEOS_DEPLOYMENT_TARGET = 17.0;
				LD_RUNPATH_SEARCH_PATHS = (
					"$(inherited)",
					"@executable_path/Frameworks",
				);
				MARKETING_VERSION = 1.0;
				PRODUCT_BUNDLE_IDENTIFIER = com.base.app;
				PRODUCT_NAME = "$(TARGET_NAME)";
				SWIFT_VERSION = 5.0;
				TARGETED_DEVICE_FAMILY = 1;
			};
			name = Release;
		};
		AA80000000000000000003 /* Debug */ = {
			isa = XCBuildConfiguration;
			buildSettings = {
				ALWAYS_SEARCH_USER_PATHS = NO;
				ASSETCATALOG_COMPILER_GENERATE_SWIFT_ASSET_SYMBOL_EXTENSIONS = YES;
				CLANG_ANALYZER_NONNULL = YES;
				CLANG_CXX_LANGUAGE_STANDARD = "gnu++20";
				CLANG_ENABLE_MODULES = YES;
				CLANG_ENABLE_OBJC_ARC = YES;
				COPY_PHASE_STRIP = NO;
				DEBUG_INFORMATION_FORMAT = dwarf;
				ENABLE_STRICT_OBJC_MSGSEND = YES;
				ENABLE_TESTABILITY = YES;
				GCC_DYNAMIC_NO_PIC = NO;
				GCC_OPTIMIZATION_LEVEL = 0;
				GCC_PREPROCESSOR_DEFINITIONS = (
					"DEBUG=1",
					"$(inherited)",
				);
				IPHONEOS_DEPLOYMENT_TARGET = 17.0;
				MTL_ENABLE_DEBUG_INFO = INCLUDE_SOURCE;
				ONLY_ACTIVE_ARCH = YES;
				SDKROOT = iphoneos;
				SWIFT_ACTIVE_COMPILATION_CONDITIONS = DEBUG;
				SWIFT_OPTIMIZATION_LEVEL = "-Onone";
			};
			name = Debug;
		};
		AA80000000000000000004 /* Release */ = {
			isa = XCBuildConfiguration;
			buildSettings = {
				ALWAYS_SEARCH_USER_PATHS = NO;
				ASSETCATALOG_COMPILER_GENERATE_SWIFT_ASSET_SYMBOL_EXTENSIONS = YES;
				CLANG_ANALYZER_NONNULL = YES;
				CLANG_CXX_LANGUAGE_STANDARD = "gnu++20";
				CLANG_ENABLE_MODULES = YES;
				CLANG_ENABLE_OBJC_ARC = YES;
				COPY_PHASE_STRIP = NO;
				DEBUG_INFORMATION_FORMAT = "dwarf-with-dsym";
				ENABLE_NS_ASSERTIONS = NO;
				ENABLE_STRICT_OBJC_MSGSEND = YES;
				GCC_OPTIMIZATION_LEVEL = s;
				IPHONEOS_DEPLOYMENT_TARGET = 17.0;
				MTL_ENABLE_DEBUG_INFO = NO;
				SDKROOT = iphoneos;
				SWIFT_COMPILATION_MODE = wholemodule;
				VALIDATE_PRODUCT = YES;
			};
			name = Release;
		};
/* End XCBuildConfiguration section */

/* Begin XCConfigurationList section */
		AA50000000000000000001 = {
			isa = XCConfigurationList;
			buildConfigurations = (
				AA80000000000000000001 /* Debug */,
				AA80000000000000000002 /* Release */,
			);
			defaultConfigurationIsVisible = 0;
			defaultConfigurationName = Release;
		};
		AA50000000000000000002 = {
			isa = XCConfigurationList;
			buildConfigurations = (
				AA80000000000000000003 /* Debug */,
				AA80000000000000000004 /* Release */,
			);
			defaultConfigurationIsVisible = 0;
			defaultConfigurationName = Release;
		};
/* End XCConfigurationList section */

	};
	rootObject = AA70000000000000000001;
}
